# THIS IS AN AUTOGENERATED FILE. DO NOT EDIT THIS FILE DIRECTLY.
# yarn lockfile v1


"@babel/parser@^7.16.4":
  version "7.18.9"
  resolved "https://registry.npmmirror.com/@babel/parser/-/parser-7.18.9.tgz"
  integrity sha512-9uJveS9eY9DJ0t64YbIBZICtJy8a5QrDEVdiLCG97fVLpDTpGX7t8mMSb6OWw6Lrnjqj4O8zwjELX3dhoMgiBg==

"@babel/runtime-corejs3@^7.11.2":
  version "7.18.9"
  resolved "https://registry.npmmirror.com/@babel/runtime-corejs3/-/runtime-corejs3-7.18.9.tgz"
  integrity sha512-qZEWeccZCrHA2Au4/X05QW5CMdm4VjUDCrGq5gf1ZDcM4hRqreKrtwAn7yci9zfgAS9apvnsFXiGBHBAxZdK9A==
  dependencies:
    core-js-pure "^3.20.2"
    regenerator-runtime "^0.13.4"

"@babel/runtime@^7.11.2":
  version "7.18.9"
  resolved "https://registry.npmmirror.com/@babel/runtime/-/runtime-7.18.9.tgz"
  integrity sha512-lkqXDcvlFT5rvEjiu6+QYO+1GXrEHRo2LOtS7E4GtX5ESIZOgepqsZBVIj6Pv+a6zqsya9VCgiK1KAK4BvJDAw==
  dependencies:
    regenerator-runtime "^0.13.4"

"@babel/runtime@^7.12.0":
  version "7.19.0"
  resolved "https://registry.npmmirror.com/@babel/runtime/-/runtime-7.19.0.tgz#22b11c037b094d27a8a2504ea4dcff00f50e2259"
  integrity sha512-eR8Lo9hnDS7tqkO7NsV+mKvCmv5boaXFSZ70DnfhcgiEne8hv9oCEd36Klw74EtizEqLsy4YnW8UWwpBVolHZA==
  dependencies:
    regenerator-runtime "^0.13.4"

"@css-render/plugin-bem@^0.15.10":
  version "0.15.10"
  resolved "https://registry.npmmirror.com/@css-render/plugin-bem/-/plugin-bem-0.15.10.tgz"
  integrity sha512-V7b08sM2PWJlXI7BJiVIa0Sg30H3u/jHay4AclNXfF2yRFwwb4ZJjggsMfzwj3WSihAdNf2WTqvOU5qsOD80Dg==

"@css-render/vue3-ssr@^0.15.10":
  version "0.15.10"
  resolved "https://registry.npmmirror.com/@css-render/vue3-ssr/-/vue3-ssr-0.15.10.tgz"
  integrity sha512-keGKnkB2nyVGoA8GezMKNsmvTGXEzgLOGGlgshwOTSEzd1dsROyZ2m/khJ9jV5zbzDM4rWeAWbWF0zwHemsJcw==

"@emotion/hash@~0.8.0":
  version "0.8.0"
  resolved "https://registry.npmmirror.com/@emotion/hash/-/hash-0.8.0.tgz"
  integrity sha512-kBJtf7PH6aWwZ6fka3zQ0p6SBYzx4fl1LoZXE2RrnYST9Xljm7WfKJrU4g/Xr3Beg72MLrp1AWNUmuYJTL7Cow==

"@juggle/resize-observer@^3.3.1":
  version "3.3.1"
  resolved "https://registry.npmmirror.com/@juggle/resize-observer/-/resize-observer-3.3.1.tgz"
  integrity sha512-zMM9Ds+SawiUkakS7y94Ymqx+S0ORzpG3frZirN3l+UlXUmSUR7hF4wxCVqW+ei94JzV5kt0uXBcoOEAuiydrw==

"@transloadit/prettier-bytes@0.0.7":
  version "0.0.7"
  resolved "https://registry.npmmirror.com/@transloadit/prettier-bytes/-/prettier-bytes-0.0.7.tgz#cdb5399f445fdd606ed833872fa0cabdbc51686b"
  integrity sha512-VeJbUb0wEKbcwaSlj5n+LscBl9IPgLPkHVGBkh00cztv6X4L/TJXK58LzFuBKX7/GAfiGhIwH67YTLTlzvIzBA==

"@types/event-emitter@^0.3.3":
  version "0.3.3"
  resolved "https://registry.npmmirror.com/@types/event-emitter/-/event-emitter-0.3.3.tgz#727032a9fc67565f96bbd78b2e2809275c97d7e7"
  integrity sha512-UfnOK1pIxO7P+EgPRZXD9jMpimd8QEFcEZ5R67R1UhGbv4zghU5+NE7U8M8G9H5Jc8FI51rqDWQs6FtUfq2e/Q==

"@types/lodash-es@^4.17.6":
  version "4.17.6"
  resolved "https://registry.npmmirror.com/@types/lodash-es/-/lodash-es-4.17.6.tgz"
  integrity sha512-R+zTeVUKDdfoRxpAryaQNRKk3105Rrgx2CFRClIgRGaqDTdjsm8h6IYA8ir584W3ePzkZfst5xIgDwYrlh9HLg==
  dependencies:
    "@types/lodash" "*"

"@types/lodash@*", "@types/lodash@^4.14.181":
  version "4.14.182"
  resolved "https://registry.npmmirror.com/@types/lodash/-/lodash-4.14.182.tgz"
  integrity sha512-/THyiqyQAP9AfARo4pF+aCGcyiQ94tX/Is2I7HofNRqoYLgN1PBoOWu2/zTA5zMxzP5EFutMtWtGAFRKUe961Q==

"@types/node@~17.0.5":
  version "17.0.45"
  resolved "https://registry.npmmirror.com/@types/node/-/node-17.0.45.tgz"
  integrity sha512-w+tIMs3rq2afQdsPJlODhoUEKzFP1ayaoyl1CcnwtIlsVe7K7bA1NGm4s3PraqTLlXnbIN84zuBlxBWo1u9BLw==

"@uppy/companion-client@^2.2.2":
  version "2.2.2"
  resolved "https://registry.npmmirror.com/@uppy/companion-client/-/companion-client-2.2.2.tgz#c70b42fdcca728ef88b3eebf7ee3e2fa04b4923b"
  integrity sha512-5mTp2iq97/mYSisMaBtFRry6PTgZA6SIL7LePteOV5x0/DxKfrZW3DEiQERJmYpHzy7k8johpm2gHnEKto56Og==
  dependencies:
    "@uppy/utils" "^4.1.2"
    namespace-emitter "^2.0.1"

"@uppy/core@^2.1.1":
  version "2.3.3"
  resolved "https://registry.npmmirror.com/@uppy/core/-/core-2.3.3.tgz#c2dc50a9a3dce6d565490780b2fc35b32367e047"
  integrity sha512-oTFYZT02dIoUGm8Ar6+Tg/xbL8MliwiPQdiuoCimPBmY19ZhuJm/K4wEYZ6nOFeYsgBWYi1yWfsmdx8LvFVx4g==
  dependencies:
    "@transloadit/prettier-bytes" "0.0.7"
    "@uppy/store-default" "^2.1.1"
    "@uppy/utils" "^4.1.2"
    lodash.throttle "^4.1.1"
    mime-match "^1.0.2"
    namespace-emitter "^2.0.1"
    nanoid "^3.1.25"
    preact "^10.5.13"

"@uppy/store-default@^2.1.1":
  version "2.1.1"
  resolved "https://registry.npmmirror.com/@uppy/store-default/-/store-default-2.1.1.tgz#62a656a099bdaa012306e054d093754cb2d36e3e"
  integrity sha512-xnpTxvot2SeAwGwbvmJ899ASk5tYXhmZzD/aCFsXePh/v8rNvR2pKlcQUH7cF/y4baUGq3FHO/daKCok/mpKqQ==

"@uppy/utils@^4.1.2":
  version "4.1.3"
  resolved "https://registry.npmmirror.com/@uppy/utils/-/utils-4.1.3.tgz#9d0be6ece4df25f228d30ef40be0f14208258ce3"
  integrity sha512-nTuMvwWYobnJcytDO3t+D6IkVq/Qs4Xv3vyoEZ+Iaf8gegZP+rEyoaFT2CK5XLRMienPyqRqNbIfRuFaOWSIFw==
  dependencies:
    lodash.throttle "^4.1.1"

"@uppy/xhr-upload@^2.0.3":
  version "2.1.3"
  resolved "https://registry.npmmirror.com/@uppy/xhr-upload/-/xhr-upload-2.1.3.tgz#0d4e355332fe0c6eb372d7731315e04d02aeeb18"
  integrity sha512-YWOQ6myBVPs+mhNjfdWsQyMRWUlrDLMoaG7nvf/G6Y3GKZf8AyjFDjvvJ49XWQ+DaZOftGkHmF1uh/DBeGivJQ==
  dependencies:
    "@uppy/companion-client" "^2.2.2"
    "@uppy/utils" "^4.1.2"
    nanoid "^3.1.25"

"@vitejs/plugin-vue@^3.0.0":
  version "3.0.1"
  resolved "https://registry.npmmirror.com/@vitejs/plugin-vue/-/plugin-vue-3.0.1.tgz"
  integrity sha512-Ll9JgxG7ONIz/XZv3dssfoMUDu9qAnlJ+km+pBA0teYSXzwPCIzS/e1bmwNYl5dcQGs677D21amgfYAnzMl17A==

"@vue/compiler-core@3.2.37":
  version "3.2.37"
  resolved "https://registry.npmmirror.com/@vue/compiler-core/-/compiler-core-3.2.37.tgz"
  integrity sha512-81KhEjo7YAOh0vQJoSmAD68wLfYqJvoiD4ulyedzF+OEk/bk6/hx3fTNVfuzugIIaTrOx4PGx6pAiBRe5e9Zmg==
  dependencies:
    "@babel/parser" "^7.16.4"
    "@vue/shared" "3.2.37"
    estree-walker "^2.0.2"
    source-map "^0.6.1"

"@vue/compiler-dom@3.2.37":
  version "3.2.37"
  resolved "https://registry.npmmirror.com/@vue/compiler-dom/-/compiler-dom-3.2.37.tgz"
  integrity sha512-yxJLH167fucHKxaqXpYk7x8z7mMEnXOw3G2q62FTkmsvNxu4FQSu5+3UMb+L7fjKa26DEzhrmCxAgFLLIzVfqQ==
  dependencies:
    "@vue/compiler-core" "3.2.37"
    "@vue/shared" "3.2.37"

"@vue/compiler-sfc@3.2.37":
  version "3.2.37"
  resolved "https://registry.npmmirror.com/@vue/compiler-sfc/-/compiler-sfc-3.2.37.tgz"
  integrity sha512-+7i/2+9LYlpqDv+KTtWhOZH+pa8/HnX/905MdVmAcI/mPQOBwkHHIzrsEsucyOIZQYMkXUiTkmZq5am/NyXKkg==
  dependencies:
    "@babel/parser" "^7.16.4"
    "@vue/compiler-core" "3.2.37"
    "@vue/compiler-dom" "3.2.37"
    "@vue/compiler-ssr" "3.2.37"
    "@vue/reactivity-transform" "3.2.37"
    "@vue/shared" "3.2.37"
    estree-walker "^2.0.2"
    magic-string "^0.25.7"
    postcss "^8.1.10"
    source-map "^0.6.1"

"@vue/compiler-ssr@3.2.37":
  version "3.2.37"
  resolved "https://registry.npmmirror.com/@vue/compiler-ssr/-/compiler-ssr-3.2.37.tgz"
  integrity sha512-7mQJD7HdXxQjktmsWp/J67lThEIcxLemz1Vb5I6rYJHR5vI+lON3nPGOH3ubmbvYGt8xEUaAr1j7/tIFWiEOqw==
  dependencies:
    "@vue/compiler-dom" "3.2.37"
    "@vue/shared" "3.2.37"

"@vue/devtools-api@^6.1.4", "@vue/devtools-api@^6.2.1":
  version "6.2.1"
  resolved "https://registry.npmmirror.com/@vue/devtools-api/-/devtools-api-6.2.1.tgz"
  integrity sha512-OEgAMeQXvCoJ+1x8WyQuVZzFo0wcyCmUR3baRVLmKBo1LmYZWMlRiXlux5jd0fqVJu6PfDbOrZItVqUEzLobeQ==

"@vue/reactivity-transform@3.2.37":
  version "3.2.37"
  resolved "https://registry.npmmirror.com/@vue/reactivity-transform/-/reactivity-transform-3.2.37.tgz"
  integrity sha512-IWopkKEb+8qpu/1eMKVeXrK0NLw9HicGviJzhJDEyfxTR9e1WtpnnbYkJWurX6WwoFP0sz10xQg8yL8lgskAZg==
  dependencies:
    "@babel/parser" "^7.16.4"
    "@vue/compiler-core" "3.2.37"
    "@vue/shared" "3.2.37"
    estree-walker "^2.0.2"
    magic-string "^0.25.7"

"@vue/reactivity@3.2.37":
  version "3.2.37"
  resolved "https://registry.npmmirror.com/@vue/reactivity/-/reactivity-3.2.37.tgz"
  integrity sha512-/7WRafBOshOc6m3F7plwzPeCu/RCVv9uMpOwa/5PiY1Zz+WLVRWiy0MYKwmg19KBdGtFWsmZ4cD+LOdVPcs52A==
  dependencies:
    "@vue/shared" "3.2.37"

"@vue/runtime-core@3.2.37":
  version "3.2.37"
  resolved "https://registry.npmmirror.com/@vue/runtime-core/-/runtime-core-3.2.37.tgz"
  integrity sha512-JPcd9kFyEdXLl/i0ClS7lwgcs0QpUAWj+SKX2ZC3ANKi1U4DOtiEr6cRqFXsPwY5u1L9fAjkinIdB8Rz3FoYNQ==
  dependencies:
    "@vue/reactivity" "3.2.37"
    "@vue/shared" "3.2.37"

"@vue/runtime-dom@3.2.37":
  version "3.2.37"
  resolved "https://registry.npmmirror.com/@vue/runtime-dom/-/runtime-dom-3.2.37.tgz"
  integrity sha512-HimKdh9BepShW6YozwRKAYjYQWg9mQn63RGEiSswMbW+ssIht1MILYlVGkAGGQbkhSh31PCdoUcfiu4apXJoPw==
  dependencies:
    "@vue/runtime-core" "3.2.37"
    "@vue/shared" "3.2.37"
    csstype "^2.6.8"

"@vue/server-renderer@3.2.37":
  version "3.2.37"
  resolved "https://registry.npmmirror.com/@vue/server-renderer/-/server-renderer-3.2.37.tgz"
  integrity sha512-kLITEJvaYgZQ2h47hIzPh2K3jG8c1zCVbp/o/bzQOyvzaKiCquKS7AaioPI28GNxIsE/zSx+EwWYsNxDCX95MA==
  dependencies:
    "@vue/compiler-ssr" "3.2.37"
    "@vue/shared" "3.2.37"

"@vue/shared@3.2.37":
  version "3.2.37"
  resolved "https://registry.npmmirror.com/@vue/shared/-/shared-3.2.37.tgz"
  integrity sha512-4rSJemR2NQIo9Klm1vabqWjD8rs/ZaJSzMxkMNeJS6lHiUjjUeYFbooN19NgFjztubEKh3WlZUeOLVdbbUWHsw==

"@wangeditor/basic-modules@^1.1.5":
  version "1.1.5"
  resolved "https://registry.npmmirror.com/@wangeditor/basic-modules/-/basic-modules-1.1.5.tgz#098c05d934e7dbdca33af7c221a29cbe62b67cb9"
  integrity sha512-rq69or2qs400RhzqpRczYAJQN+RzWOElhmCYuDOgMGvL7OAZUMNHcuihzVmP4sj0EGVIsjnTq1bWaRF654ladw==
  dependencies:
    is-url "^1.2.4"

"@wangeditor/code-highlight@^1.0.3":
  version "1.0.3"
  resolved "https://registry.npmmirror.com/@wangeditor/code-highlight/-/code-highlight-1.0.3.tgz#90256857714d5c0cf83ac475aea64db7bf29a7cd"
  integrity sha512-iazHwO14XpCuIWJNTQTikqUhGKyqj+dUNWJ9288Oym9M2xMVHvnsOmDU2sgUDWVy+pOLojReMPgXCsvvNlOOhw==
  dependencies:
    prismjs "^1.23.0"

"@wangeditor/core@^1.1.14":
  version "1.1.14"
  resolved "https://registry.npmmirror.com/@wangeditor/core/-/core-1.1.14.tgz#5de86b8828b2d7d07a0603123f151554e19c810f"
  integrity sha512-pq33BxvDUUGL08+YJiWyG7RCI6xKCInxuzMDwPSJ+0h1oLQMcT2I37MXnghDPAl2+rpKFJBbS6AwRsysp0K4vw==
  dependencies:
    "@types/event-emitter" "^0.3.3"
    event-emitter "^0.3.5"
    html-void-elements "^2.0.0"
    i18next "^20.4.0"
    scroll-into-view-if-needed "^2.2.28"
    slate-history "^0.66.0"

"@wangeditor/editor-for-vue@^5.1.12":
  version "5.1.12"
  resolved "https://registry.npmmirror.com/@wangeditor/editor-for-vue/-/editor-for-vue-5.1.12.tgz#f7d5f239b39cdfc01d31151488de8443fe6edc64"
  integrity sha512-0Ds3D8I+xnpNWezAeO7HmPRgTfUxHLMd9JKcIw+QzvSmhC5xUHbpCcLU+KLmeBKTR/zffnS5GQo6qi3GhTMJWQ==

"@wangeditor/editor@^5.1.18":
  version "5.1.18"
  resolved "https://registry.npmmirror.com/@wangeditor/editor/-/editor-5.1.18.tgz#58bb7f398e6f99d8c4901137e69814c3b6a757be"
  integrity sha512-mt5IeNjVQgCPmUeHygcEoz/1lhujx7GjeAERaAt+RaeB2+TZCzOBqqx+0nVIdmVBDDwyu1OabWyS4Pc7tEvzVA==
  dependencies:
    "@uppy/core" "^2.1.1"
    "@uppy/xhr-upload" "^2.0.3"
    "@wangeditor/basic-modules" "^1.1.5"
    "@wangeditor/code-highlight" "^1.0.3"
    "@wangeditor/core" "^1.1.14"
    "@wangeditor/list-module" "^1.0.3"
    "@wangeditor/table-module" "^1.1.3"
    "@wangeditor/upload-image-module" "^1.0.2"
    "@wangeditor/video-module" "^1.1.3"
    dom7 "^3.0.0"
    is-hotkey "^0.2.0"
    lodash.camelcase "^4.3.0"
    lodash.clonedeep "^4.5.0"
    lodash.debounce "^4.0.8"
    lodash.foreach "^4.5.0"
    lodash.isequal "^4.5.0"
    lodash.throttle "^4.1.1"
    lodash.toarray "^4.4.0"
    nanoid "^3.2.0"
    slate "^0.72.0"
    snabbdom "^3.1.0"

"@wangeditor/list-module@^1.0.3":
  version "1.0.3"
  resolved "https://registry.npmmirror.com/@wangeditor/list-module/-/list-module-1.0.3.tgz#52b12ed61b5cd48a591e835b4d2cb41feec0b5ac"
  integrity sha512-hH1OZGT0pBPSywFyGELkPHh9bGJQk5fcGgP9S3cXcQYxrPPhnAKjCCr5YzFzZhaSI6Epj83HfOHaAelEjkibNg==

"@wangeditor/table-module@^1.1.3":
  version "1.1.3"
  resolved "https://registry.npmmirror.com/@wangeditor/table-module/-/table-module-1.1.3.tgz#bfd2a8eaa6df9dc32d61f4114bebf7a364cb41f5"
  integrity sha512-rV+7k1z1cL/z0txK3W2/iqjwglEi+hgwhq626dJHH7ryrh/Ale0O+Tte548FG+bAwVIWjtZDHpJQl84P4Xy8Pw==

"@wangeditor/upload-image-module@^1.0.2":
  version "1.0.2"
  resolved "https://registry.npmmirror.com/@wangeditor/upload-image-module/-/upload-image-module-1.0.2.tgz#89e9b9467e10cbc6b11dc5748e08dd23aaebee30"
  integrity sha512-z81lk/v71OwPDYeQDxj6cVr81aDP90aFuywb8nPD6eQeECtOymrqRODjpO6VGvCVxVck8nUxBHtbxKtjgcwyiA==

"@wangeditor/video-module@^1.1.3":
  version "1.1.3"
  resolved "https://registry.npmmirror.com/@wangeditor/video-module/-/video-module-1.1.3.tgz#64bb4392b064261517f8c8bbccf39434d4596a73"
  integrity sha512-3FYDGJ/FN1A/4k247UOOEsJJ9I7wcnw1QdEcpPr4ybKrdSn6F80/YzpC1xUltADmhrD/J/bOCyuZ41kN0JIg6Q==

anymatch@~3.1.2:
  version "3.1.2"
  resolved "https://registry.npmmirror.com/anymatch/-/anymatch-3.1.2.tgz"
  integrity sha512-P43ePfOAIupkguHUycrc4qJ9kz8ZiuOUijaETwX7THt0Y/GNK7v0aa8rY816xWjZ7rJdA5XdMcpVFTKMq+RvWg==
  dependencies:
    normalize-path "^3.0.0"
    picomatch "^2.0.4"

async-validator@^4.0.7:
  version "4.2.5"
  resolved "https://registry.npmmirror.com/async-validator/-/async-validator-4.2.5.tgz"
  integrity sha512-7HhHjtERjqlNbZtqNqy2rckN/SpOOlmDliet+lP7k+eKZEjPk3DgyeU9lIXLdeLz0uBbbVp+9Qdow9wJWgwwfg==

asynckit@^0.4.0:
  version "0.4.0"
  resolved "https://registry.npmmirror.com/asynckit/-/asynckit-0.4.0.tgz"
  integrity sha512-Oei9OH4tRh0YqU3GxhX79dM/mwVgvbZJaSNaRk+bshkj0S5cfHcgYakreBjrHwatXKbz+IoIdYLxrKim2MjW0Q==

axios@^0.27.2:
  version "0.27.2"
  resolved "https://registry.npmmirror.com/axios/-/axios-0.27.2.tgz"
  integrity sha512-t+yRIyySRTp/wua5xEr+z1q60QmLq8ABsS5O9Me1AsE5dfKqgnCFzwiCZZ/cGNd1lq4/7akDWMxdhVlucjmnOQ==
  dependencies:
    follow-redirects "^1.14.9"
    form-data "^4.0.0"

binary-extensions@^2.0.0:
  version "2.2.0"
  resolved "https://registry.npmmirror.com/binary-extensions/-/binary-extensions-2.2.0.tgz"
  integrity sha512-jDctJ/IVQbZoJykoeHbhXpOlNBqGNcwXJKJog42E5HDPUwQTSdjCHdihjj0DlnheQ7blbT6dHOafNAiS8ooQKA==

braces@~3.0.2:
  version "3.0.2"
  resolved "https://registry.npmmirror.com/braces/-/braces-3.0.2.tgz"
  integrity sha512-b8um+L1RzM3WDSzvhm6gIz1yfTbBt6YTlcEKAvsmqCZZFw46z626lVj9j1yEPW33H5H+lBQpZMP1k8l+78Ha0A==
  dependencies:
    fill-range "^7.0.1"

"chokidar@>=3.0.0 <4.0.0":
  version "3.5.3"
  resolved "https://registry.npmmirror.com/chokidar/-/chokidar-3.5.3.tgz"
  integrity sha512-Dr3sfKRP6oTcjf2JmUmFJfeVMvXBdegxB0iVQ5eb2V10uFJUCAS8OByZdVAyVb8xXNz3GjjTgj9kLWsZTqE6kw==
  dependencies:
    anymatch "~3.1.2"
    braces "~3.0.2"
    glob-parent "~5.1.2"
    is-binary-path "~2.1.0"
    is-glob "~4.0.1"
    normalize-path "~3.0.0"
    readdirp "~3.6.0"
  optionalDependencies:
    fsevents "~2.3.2"

combined-stream@^1.0.8:
  version "1.0.8"
  resolved "https://registry.npmmirror.com/combined-stream/-/combined-stream-1.0.8.tgz"
  integrity sha512-FQN4MRfuJeHf7cBbBMJFXhKSDq+2kAArBlmRBvcvFE5BB1HZKXtSFASDhdlz9zOYwxh8lDdnvmMOe/+5cdoEdg==
  dependencies:
    delayed-stream "~1.0.0"

compute-scroll-into-view@^1.0.17:
  version "1.0.17"
  resolved "https://registry.npmmirror.com/compute-scroll-into-view/-/compute-scroll-into-view-1.0.17.tgz#6a88f18acd9d42e9cf4baa6bec7e0522607ab7ab"
  integrity sha512-j4dx+Fb0URmzbwwMUrhqWM2BEWHdFGx+qZ9qqASHRPqvTYdqvWnHg0H1hIbcyLnvgnoNAVMlwkepyqM3DaIFUg==

core-js-pure@^3.20.2:
  version "3.24.0"
  resolved "https://registry.npmmirror.com/core-js-pure/-/core-js-pure-3.24.0.tgz"
  integrity sha512-uzMmW8cRh7uYw4JQtzqvGWRyC2T5+4zipQLQdi2FmiRqP83k3d6F3stv2iAlNhOs6cXN401FCD5TL0vvleuHgA==

css-render@^0.15.10:
  version "0.15.10"
  resolved "https://registry.npmmirror.com/css-render/-/css-render-0.15.10.tgz"
  integrity sha512-6j5acvm81sXTHJiF47FNNICtDpF74YoWk1xEK3qQvdqgW6vc+OXrPqflL6m8f5GE6XuFYrbACNEd17kraCSBAQ==
  dependencies:
    "@emotion/hash" "~0.8.0"
    "@types/node" "~17.0.5"
    csstype "~3.0.5"

csstype@^2.6.8:
  version "2.6.20"
  resolved "https://registry.npmmirror.com/csstype/-/csstype-2.6.20.tgz"
  integrity sha512-/WwNkdXfckNgw6S5R125rrW8ez139lBHWouiBvX8dfMFtcn6V81REDqnH7+CRpRipfYlyU1CmOnOxrmGcFOjeA==

csstype@~3.0.5:
  version "3.0.11"
  resolved "https://registry.npmmirror.com/csstype/-/csstype-3.0.11.tgz"
  integrity sha512-sa6P2wJ+CAbgyy4KFssIb/JNMLxFvKF1pCYCSXS8ZMuqZnMsrxqI2E5sPyoTpxoPU/gVZMzr2zjOfg8GIZOMsw==

d@1, d@^1.0.1:
  version "1.0.1"
  resolved "https://registry.npmmirror.com/d/-/d-1.0.1.tgz#8698095372d58dbee346ffd0c7093f99f8f9eb5a"
  integrity sha512-m62ShEObQ39CfralilEQRjH6oAMtNCV1xJyEx5LpRYUVN+EviphDgUc/F3hnYbADmkiNs67Y+3ylmlG7Lnu+FA==
  dependencies:
    es5-ext "^0.10.50"
    type "^1.0.1"

date-fns-tz@^1.3.3:
  version "1.3.6"
  resolved "https://registry.npmmirror.com/date-fns-tz/-/date-fns-tz-1.3.6.tgz"
  integrity sha512-C8q7mErvG4INw1ZwAFmPlGjEo5Sv4udjKVbTc03zpP9cu6cp5AemFzKhz0V68LGcWEtX5mJudzzg3G04emIxLA==

date-fns@^2.28.0:
  version "2.29.1"
  resolved "https://registry.npmmirror.com/date-fns/-/date-fns-2.29.1.tgz"
  integrity sha512-dlLD5rKaKxpFdnjrs+5azHDFOPEu4ANy/LTh04A1DTzMM7qoajmKCBc8pkKRFT41CNzw+4gQh79X5C+Jq27HAw==

delayed-stream@~1.0.0:
  version "1.0.0"
  resolved "https://registry.npmmirror.com/delayed-stream/-/delayed-stream-1.0.0.tgz"
  integrity sha512-ZySD7Nf91aLB0RxL4KGrKHBXl7Eds1DAmEdcoVawXnLD7SDhpNgtuII2aAkg7a7QS41jxPSZ17p4VdGnMHk3MQ==

dom7@^3.0.0:
  version "3.0.0"
  resolved "https://registry.npmmirror.com/dom7/-/dom7-3.0.0.tgz#b861ce5d67a6becd7aaa3ad02942ff14b1240331"
  integrity sha512-oNlcUdHsC4zb7Msx7JN3K0Nro1dzJ48knvBOnDPKJ2GV9wl1i5vydJZUSyOfrkKFDZEud/jBsTk92S/VGSAe/g==
  dependencies:
    ssr-window "^3.0.0-alpha.1"

es5-ext@^0.10.35, es5-ext@^0.10.50, es5-ext@~0.10.14:
  version "0.10.62"
  resolved "https://registry.npmmirror.com/es5-ext/-/es5-ext-0.10.62.tgz#5e6adc19a6da524bf3d1e02bbc8960e5eb49a9a5"
  integrity sha512-BHLqn0klhEpnOKSrzn/Xsz2UIW8j+cGmo9JLzr8BiUapV8hPL9+FliFqjwr9ngW7jWdnxv6eO+/LqyhJVqgrjA==
  dependencies:
    es6-iterator "^2.0.3"
    es6-symbol "^3.1.3"
    next-tick "^1.1.0"

es6-iterator@^2.0.3:
  version "2.0.3"
  resolved "https://registry.npmmirror.com/es6-iterator/-/es6-iterator-2.0.3.tgz#a7de889141a05a94b0854403b2d0a0fbfa98f3b7"
  integrity sha512-zw4SRzoUkd+cl+ZoE15A9o1oQd920Bb0iOJMQkQhl3jNc03YqVjAhG7scf9C5KWRU/R13Orf588uCC6525o02g==
  dependencies:
    d "1"
    es5-ext "^0.10.35"
    es6-symbol "^3.1.1"

es6-symbol@^3.1.1, es6-symbol@^3.1.3:
  version "3.1.3"
  resolved "https://registry.npmmirror.com/es6-symbol/-/es6-symbol-3.1.3.tgz#bad5d3c1bcdac28269f4cb331e431c78ac705d18"
  integrity sha512-NJ6Yn3FuDinBaBRWl/q5X/s4koRHBrgKAu+yGI6JCBeiu3qrcbJhwT2GeR/EXVfylRk8dpQVJoLEFhK+Mu31NA==
  dependencies:
    d "^1.0.1"
    ext "^1.1.2"

esbuild-android-64@0.14.50:
  version "0.14.50"
  resolved "https://registry.npmmirror.com/esbuild-android-64/-/esbuild-android-64-0.14.50.tgz#a46fc80fa2007690e647680d837483a750a3097f"
  integrity sha512-H7iUEm7gUJHzidsBlFPGF6FTExazcgXL/46xxLo6i6bMtPim6ZmXyTccS8yOMpy6HAC6dPZ/JCQqrkkin69n6Q==

esbuild-android-arm64@0.14.50:
  version "0.14.50"
  resolved "https://registry.npmmirror.com/esbuild-android-arm64/-/esbuild-android-arm64-0.14.50.tgz#bdda7851fa7f5f770d6ff0ad593a8945d3a0fcdd"
  integrity sha512-NFaoqEwa+OYfoYVpQWDMdKII7wZZkAjtJFo1WdnBeCYlYikvUhTnf2aPwPu5qEAw/ie1NYK0yn3cafwP+kP+OQ==

esbuild-darwin-64@0.14.50:
  version "0.14.50"
  resolved "https://registry.npmmirror.com/esbuild-darwin-64/-/esbuild-darwin-64-0.14.50.tgz#f0535435f9760766f30db14a991ee5ca94c022a4"
  integrity sha512-gDQsCvGnZiJv9cfdO48QqxkRV8oKAXgR2CGp7TdIpccwFdJMHf8hyIJhMW/05b/HJjET/26Us27Jx91BFfEVSA==

esbuild-darwin-arm64@0.14.50:
  version "0.14.50"
  resolved "https://registry.npmmirror.com/esbuild-darwin-arm64/-/esbuild-darwin-arm64-0.14.50.tgz#76a41a40e8947a15ae62970e9ed2853883c4b16c"
  integrity sha512-36nNs5OjKIb/Q50Sgp8+rYW/PqirRiFN0NFc9hEvgPzNJxeJedktXwzfJSln4EcRFRh5Vz4IlqFRScp+aiBBzA==

esbuild-freebsd-64@0.14.50:
  version "0.14.50"
  resolved "https://registry.npmmirror.com/esbuild-freebsd-64/-/esbuild-freebsd-64-0.14.50.tgz#2ed6633c17ed42c20a1bd68e82c4bbc75ea4fb57"
  integrity sha512-/1pHHCUem8e/R86/uR+4v5diI2CtBdiWKiqGuPa9b/0x3Nwdh5AOH7lj+8823C6uX1e0ufwkSLkS+aFZiBCWxA==

esbuild-freebsd-arm64@0.14.50:
  version "0.14.50"
  resolved "https://registry.npmmirror.com/esbuild-freebsd-arm64/-/esbuild-freebsd-arm64-0.14.50.tgz#cb115f4cdafe9cdbe58875ba482fccc54d32aa43"
  integrity sha512-iKwUVMQztnPZe5pUYHdMkRc9aSpvoV1mkuHlCoPtxZA3V+Kg/ptpzkcSY+fKd0kuom+l6Rc93k0UPVkP7xoqrw==

esbuild-linux-32@0.14.50:
  version "0.14.50"
  resolved "https://registry.npmmirror.com/esbuild-linux-32/-/esbuild-linux-32-0.14.50.tgz#fe2b724994dcf1d4e48dc4832ff008ad7d00bcfd"
  integrity sha512-sWUwvf3uz7dFOpLzYuih+WQ7dRycrBWHCdoXJ4I4XdMxEHCECd8b7a9N9u7FzT6XR2gHPk9EzvchQUtiEMRwqw==

esbuild-linux-64@0.14.50:
  version "0.14.50"
  resolved "https://registry.npmmirror.com/esbuild-linux-64/-/esbuild-linux-64-0.14.50.tgz#7851ab5151df9501a2187bd4909c594ad232b623"
  integrity sha512-u0PQxPhaeI629t4Y3EEcQ0wmWG+tC/LpP2K7yDFvwuPq0jSQ8SIN+ARNYfRjGW15O2we3XJvklbGV0wRuUCPig==

esbuild-linux-arm64@0.14.50:
  version "0.14.50"
  resolved "https://registry.npmmirror.com/esbuild-linux-arm64/-/esbuild-linux-arm64-0.14.50.tgz#76a76afef484a0512f1fbbcc762edd705dee8892"
  integrity sha512-ZyfoNgsTftD7Rp5S7La5auomKdNeB3Ck+kSKXC4pp96VnHyYGjHHXWIlcbH8i+efRn9brszo1/Thl1qn8RqmhQ==

esbuild-linux-arm@0.14.50:
  version "0.14.50"
  resolved "https://registry.npmmirror.com/esbuild-linux-arm/-/esbuild-linux-arm-0.14.50.tgz#6d7a8c0712091b0c3a668dd5d8b5c924adbaeb12"
  integrity sha512-VALZq13bhmFJYFE/mLEb+9A0w5vo8z+YDVOWeaf9vOTrSC31RohRIwtxXBnVJ7YKLYfEMzcgFYf+OFln3Y0cWg==

esbuild-linux-mips64le@0.14.50:
  version "0.14.50"
  resolved "https://registry.npmmirror.com/esbuild-linux-mips64le/-/esbuild-linux-mips64le-0.14.50.tgz#43426909c1884c5dc6b40765673a08a7ec1d2064"
  integrity sha512-ygo31Vxn/WrmjKCHkBoutOlFG5yM9J2UhzHb0oWD9O61dGg+Hzjz9hjf5cmM7FBhAzdpOdEWHIrVOg2YAi6rTw==

esbuild-linux-ppc64le@0.14.50:
  version "0.14.50"
  resolved "https://registry.npmmirror.com/esbuild-linux-ppc64le/-/esbuild-linux-ppc64le-0.14.50.tgz#c754ea3da1dd180c6e9b6b508dc18ce983d92b11"
  integrity sha512-xWCKU5UaiTUT6Wz/O7GKP9KWdfbsb7vhfgQzRfX4ahh5NZV4ozZ4+SdzYG8WxetsLy84UzLX3Pi++xpVn1OkFQ==

esbuild-linux-riscv64@0.14.50:
  version "0.14.50"
  resolved "https://registry.npmmirror.com/esbuild-linux-riscv64/-/esbuild-linux-riscv64-0.14.50.tgz#f3b2dd3c4c2b91bf191d3b98a9819c8aa6f5ad7f"
  integrity sha512-0+dsneSEihZTopoO9B6Z6K4j3uI7EdxBP7YSF5rTwUgCID+wHD3vM1gGT0m+pjCW+NOacU9kH/WE9N686FHAJg==

esbuild-linux-s390x@0.14.50:
  version "0.14.50"
  resolved "https://registry.npmmirror.com/esbuild-linux-s390x/-/esbuild-linux-s390x-0.14.50.tgz#3dfbc4578b2a81995caabb79df2b628ea86a5390"
  integrity sha512-tVjqcu8o0P9H4StwbIhL1sQYm5mWATlodKB6dpEZFkcyTI8kfIGWiWcrGmkNGH2i1kBUOsdlBafPxR3nzp3TDA==

esbuild-netbsd-64@0.14.50:
  version "0.14.50"
  resolved "https://registry.npmmirror.com/esbuild-netbsd-64/-/esbuild-netbsd-64-0.14.50.tgz#17dbf51eaa48d983e794b588d195415410ef8c85"
  integrity sha512-0R/glfqAQ2q6MHDf7YJw/TulibugjizBxyPvZIcorH0Mb7vSimdHy0XF5uCba5CKt+r4wjax1mvO9lZ4jiAhEg==

esbuild-openbsd-64@0.14.50:
  version "0.14.50"
  resolved "https://registry.npmmirror.com/esbuild-openbsd-64/-/esbuild-openbsd-64-0.14.50.tgz#cf6b1a50c8cf67b0725aaa4bce9773976168c50e"
  integrity sha512-7PAtmrR5mDOFubXIkuxYQ4bdNS6XCK8AIIHUiZxq1kL8cFIH5731jPcXQ4JNy/wbj1C9sZ8rzD8BIM80Tqk29w==

esbuild-sunos-64@0.14.50:
  version "0.14.50"
  resolved "https://registry.npmmirror.com/esbuild-sunos-64/-/esbuild-sunos-64-0.14.50.tgz#f705ae0dd914c3b45dc43319c4f532216c3d841f"
  integrity sha512-gBxNY/wyptvD7PkHIYcq7se6SQEXcSC8Y7mE0FJB+CGgssEWf6vBPfTTZ2b6BWKnmaP6P6qb7s/KRIV5T2PxsQ==

esbuild-windows-32@0.14.50:
  version "0.14.50"
  resolved "https://registry.npmmirror.com/esbuild-windows-32/-/esbuild-windows-32-0.14.50.tgz#6364905a99c1e6c1e2fe7bfccebd958131b1cd6c"
  integrity sha512-MOOe6J9cqe/iW1qbIVYSAqzJFh0p2LBLhVUIWdMVnNUNjvg2/4QNX4oT4IzgDeldU+Bym9/Tn6+DxvUHJXL5Zw==

esbuild-windows-64@0.14.50:
  version "0.14.50"
  resolved "https://registry.npmmirror.com/esbuild-windows-64/-/esbuild-windows-64-0.14.50.tgz"
  integrity sha512-r/qE5Ex3w1jjGv/JlpPoWB365ldkppUlnizhMxJgojp907ZF1PgLTuW207kgzZcSCXyquL9qJkMsY+MRtaZ5yQ==

esbuild-windows-arm64@0.14.50:
  version "0.14.50"
  resolved "https://registry.npmmirror.com/esbuild-windows-arm64/-/esbuild-windows-arm64-0.14.50.tgz#e7ddde6a97194051a5a4ac05f4f5900e922a7ea5"
  integrity sha512-EMS4lQnsIe12ZyAinOINx7eq2mjpDdhGZZWDwPZE/yUTN9cnc2Ze/xUTYIAyaJqrqQda3LnDpADKpvLvol6ENQ==

esbuild@^0.14.47:
  version "0.14.50"
  resolved "https://registry.npmmirror.com/esbuild/-/esbuild-0.14.50.tgz"
  integrity sha512-SbC3k35Ih2IC6trhbMYW7hYeGdjPKf9atTKwBUHqMCYFZZ9z8zhuvfnZihsnJypl74FjiAKjBRqFkBkAd0rS/w==
  optionalDependencies:
    esbuild-android-64 "0.14.50"
    esbuild-android-arm64 "0.14.50"
    esbuild-darwin-64 "0.14.50"
    esbuild-darwin-arm64 "0.14.50"
    esbuild-freebsd-64 "0.14.50"
    esbuild-freebsd-arm64 "0.14.50"
    esbuild-linux-32 "0.14.50"
    esbuild-linux-64 "0.14.50"
    esbuild-linux-arm "0.14.50"
    esbuild-linux-arm64 "0.14.50"
    esbuild-linux-mips64le "0.14.50"
    esbuild-linux-ppc64le "0.14.50"
    esbuild-linux-riscv64 "0.14.50"
    esbuild-linux-s390x "0.14.50"
    esbuild-netbsd-64 "0.14.50"
    esbuild-openbsd-64 "0.14.50"
    esbuild-sunos-64 "0.14.50"
    esbuild-windows-32 "0.14.50"
    esbuild-windows-64 "0.14.50"
    esbuild-windows-arm64 "0.14.50"

estree-walker@^2.0.2:
  version "2.0.2"
  resolved "https://registry.npmmirror.com/estree-walker/-/estree-walker-2.0.2.tgz"
  integrity sha512-Rfkk/Mp/DL7JVje3u18FxFujQlTNR2q6QfMSMB7AvCBx91NGj/ba3kCfza0f6dVDbw7YlRf/nDrn7pQrCCyQ/w==

event-emitter@^0.3.5:
  version "0.3.5"
  resolved "https://registry.npmmirror.com/event-emitter/-/event-emitter-0.3.5.tgz#df8c69eef1647923c7157b9ce83840610b02cc39"
  integrity sha512-D9rRn9y7kLPnJ+hMq7S/nhvoKwwvVJahBi2BPmx3bvbsEdK3W9ii8cBSGjP+72/LnM4n6fo3+dkCX5FeTQruXA==
  dependencies:
    d "1"
    es5-ext "~0.10.14"

evtd@^0.2.2, evtd@^0.2.3:
  version "0.2.3"
  resolved "https://registry.npmmirror.com/evtd/-/evtd-0.2.3.tgz"
  integrity sha512-tmiT1YUVqFjTY+BSBOAskL83xNx41iUfpvKP6Gcd/xMHjg3mnER98jXGXJyKnxCG19uPc6EhZiUC+MUyvoqCtw==

ext@^1.1.2:
  version "1.7.0"
  resolved "https://registry.npmmirror.com/ext/-/ext-1.7.0.tgz#0ea4383c0103d60e70be99e9a7f11027a33c4f5f"
  integrity sha512-6hxeJYaL110a9b5TEJSj0gojyHQAmA2ch5Os+ySCiA1QGdS697XWY1pzsrSjqA9LDEEgdB/KypIlR59RcLuHYw==
  dependencies:
    type "^2.7.2"

fill-range@^7.0.1:
  version "7.0.1"
  resolved "https://registry.npmmirror.com/fill-range/-/fill-range-7.0.1.tgz"
  integrity sha512-qOo9F+dMUmC2Lcb4BbVvnKJxTPjCm+RRpe4gDuGrzkL7mEVl/djYSu2OdQ2Pa302N4oqkSg9ir6jaLWJ2USVpQ==
  dependencies:
    to-regex-range "^5.0.1"

follow-redirects@^1.14.9:
  version "1.15.1"
  resolved "https://registry.npmmirror.com/follow-redirects/-/follow-redirects-1.15.1.tgz"
  integrity sha512-yLAMQs+k0b2m7cVxpS1VKJVvoz7SS9Td1zss3XRwXj+ZDH00RJgnuLx7E44wx02kQLrdM3aOOy+FpzS7+8OizA==

form-data@^4.0.0:
  version "4.0.0"
  resolved "https://registry.npmmirror.com/form-data/-/form-data-4.0.0.tgz"
  integrity sha512-ETEklSGi5t0QMZuiXoA/Q6vcnxcLQP5vdugSpuAyi6SVGi2clPPp+xgEhuMaHC+zGgn31Kd235W35f7Hykkaww==
  dependencies:
    asynckit "^0.4.0"
    combined-stream "^1.0.8"
    mime-types "^2.1.12"

fsevents@~2.3.2:
  version "2.3.2"
  resolved "https://registry.npmmirror.com/fsevents/-/fsevents-2.3.2.tgz#8a526f78b8fdf4623b709e0b975c52c24c02fd1a"
  integrity sha512-xiqMQR4xAeHTuB9uWm+fFRcIOgKBMiOBP+eXiyT7jsgVCq1bkVygt00oASowB7EdtpOHaaPgKt812P9ab+DDKA==

function-bind@^1.1.1:
  version "1.1.1"
  resolved "https://registry.npmmirror.com/function-bind/-/function-bind-1.1.1.tgz"
  integrity sha512-yIovAzMX49sF8Yl58fSCWJ5svSLuaibPxXQJFLmBObTuCr0Mf1KiPopGM9NiFjiYBCbfaa2Fh6breQ6ANVTI0A==

glob-parent@~5.1.2:
  version "5.1.2"
  resolved "https://registry.npmmirror.com/glob-parent/-/glob-parent-5.1.2.tgz"
  integrity sha512-AOIgSQCepiJYwP3ARnGx+5VnTu2HBYdzbGP45eLw1vr3zB3vZLeyed1sC9hnbcOc9/SrMyM5RPQrkGz4aS9Zow==
  dependencies:
    is-glob "^4.0.1"

has@^1.0.3:
  version "1.0.3"
  resolved "https://registry.npmmirror.com/has/-/has-1.0.3.tgz"
  integrity sha512-f2dvO0VU6Oej7RkWJGrehjbzMAjFp5/VKPp5tTpWIV4JHHZK1/BxbFRtf/siA2SWTe09caDmVtYYzWEIbBS4zw==
  dependencies:
    function-bind "^1.1.1"

highlight.js@^11.5.0:
  version "11.6.0"
  resolved "https://registry.npmmirror.com/highlight.js/-/highlight.js-11.6.0.tgz"
  integrity sha512-ig1eqDzJaB0pqEvlPVIpSSyMaO92bH1N2rJpLMN/nX396wTpDA4Eq0uK+7I/2XG17pFaaKE0kjV/XPeGt7Evjw==

html-void-elements@^2.0.0:
  version "2.0.1"
  resolved "https://registry.npmmirror.com/html-void-elements/-/html-void-elements-2.0.1.tgz#29459b8b05c200b6c5ee98743c41b979d577549f"
  integrity sha512-0quDb7s97CfemeJAnW9wC0hw78MtW7NU3hqtCD75g2vFlDLt36llsYD7uB7SUzojLMP24N5IatXf7ylGXiGG9A==

i18next@^20.4.0:
  version "20.6.1"
  resolved "https://registry.npmmirror.com/i18next/-/i18next-20.6.1.tgz#535e5f6e5baeb685c7d25df70db63bf3cc0aa345"
  integrity sha512-yCMYTMEJ9ihCwEQQ3phLo7I/Pwycf8uAx+sRHwwk5U9Aui/IZYgQRyMqXafQOw5QQ7DM1Z+WyEXWIqSuJHhG2A==
  dependencies:
    "@babel/runtime" "^7.12.0"

immer@^9.0.6:
  version "9.0.15"
  resolved "https://registry.npmmirror.com/immer/-/immer-9.0.15.tgz#0b9169e5b1d22137aba7d43f8a81a495dd1b62dc"
  integrity sha512-2eB/sswms9AEUSkOm4SbV5Y7Vmt/bKRwByd52jfLkW4OLYeaTP3EEiJ9agqU0O/tq6Dk62Zfj+TJSqfm1rLVGQ==

immutable@^4.0.0:
  version "4.1.0"
  resolved "https://registry.npmmirror.com/immutable/-/immutable-4.1.0.tgz"
  integrity sha512-oNkuqVTA8jqG1Q6c+UglTOD1xhC1BtjKI7XkCXRkZHrN5m18/XsnUp8Q89GkQO/z+0WjonSvl0FLhDYftp46nQ==

is-binary-path@~2.1.0:
  version "2.1.0"
  resolved "https://registry.npmmirror.com/is-binary-path/-/is-binary-path-2.1.0.tgz"
  integrity sha512-ZMERYes6pDydyuGidse7OsHxtbI7WVeUEozgR/g7rd0xUimYNlvZRE/K2MgZTjWy725IfelLeVcEM97mmtRGXw==
  dependencies:
    binary-extensions "^2.0.0"

is-core-module@^2.9.0:
  version "2.9.0"
  resolved "https://registry.npmmirror.com/is-core-module/-/is-core-module-2.9.0.tgz"
  integrity sha512-+5FPy5PnwmO3lvfMb0AsoPaBG+5KHUI0wYFXOtYPnVVVspTFUuMZNfNaNVRt3FZadstu2c8x23vykRW/NBoU6A==
  dependencies:
    has "^1.0.3"

is-extglob@^2.1.1:
  version "2.1.1"
  resolved "https://registry.npmmirror.com/is-extglob/-/is-extglob-2.1.1.tgz"
  integrity sha512-SbKbANkN603Vi4jEZv49LeVJMn4yGwsbzZworEoyEiutsN3nJYdbO36zfhGJ6QEDpOZIFkDtnq5JRxmvl3jsoQ==

is-glob@^4.0.1, is-glob@~4.0.1:
  version "4.0.3"
  resolved "https://registry.npmmirror.com/is-glob/-/is-glob-4.0.3.tgz"
  integrity sha512-xelSayHH36ZgE7ZWhli7pW34hNbNl8Ojv5KVmkJD4hBdD3th8Tfk9vYasLM+mXWOZhFkgZfxhLSnrwRr4elSSg==
  dependencies:
    is-extglob "^2.1.1"

is-hotkey@^0.2.0:
  version "0.2.0"
  resolved "https://registry.npmmirror.com/is-hotkey/-/is-hotkey-0.2.0.tgz#1835a68171a91e5c9460869d96336947c8340cef"
  integrity sha512-UknnZK4RakDmTgz4PI1wIph5yxSs/mvChWs9ifnlXsKuXgWmOkY/hAE0H/k2MIqH0RlRye0i1oC07MCRSD28Mw==

is-number@^7.0.0:
  version "7.0.0"
  resolved "https://registry.npmmirror.com/is-number/-/is-number-7.0.0.tgz"
  integrity sha512-41Cifkg6e8TylSpdtTpeLVMqvSBEVzTttHvERD741+pnZ8ANv0004MRL43QKPDlK9cGvNp6NZWZUBlbGXYxxng==

is-plain-object@^5.0.0:
  version "5.0.0"
  resolved "https://registry.npmmirror.com/is-plain-object/-/is-plain-object-5.0.0.tgz#4427f50ab3429e9025ea7d52e9043a9ef4159344"
  integrity sha512-VRSzKkbMm5jMDoKLbltAkFQ5Qr7VDiTFGXxYFXXowVj387GeGNOCsOH6Msy00SGZ3Fp84b1Naa1psqgcCIEP5Q==

is-url@^1.2.4:
  version "1.2.4"
  resolved "https://registry.npmmirror.com/is-url/-/is-url-1.2.4.tgz#04a4df46d28c4cff3d73d01ff06abeb318a1aa52"
  integrity sha512-ITvGim8FhRiYe4IQ5uHSkj7pVaPDrCTkNd3yq3cV7iZAcJdHTUMPMEHcqSOy9xZ9qFenQCvi+2wjH9a1nXqHww==

lodash-es@^4.17.21:
  version "4.17.21"
  resolved "https://registry.npmmirror.com/lodash-es/-/lodash-es-4.17.21.tgz"
  integrity sha512-mKnC+QJ9pWVzv+C4/U3rRsHapFfHvQFoFB92e52xeyGMcX6/OlIl78je1u8vePzYZSkkogMPJ2yjxxsb89cxyw==

lodash.camelcase@^4.3.0:
  version "4.3.0"
  resolved "https://registry.npmmirror.com/lodash.camelcase/-/lodash.camelcase-4.3.0.tgz#b28aa6288a2b9fc651035c7711f65ab6190331a6"
  integrity sha512-TwuEnCnxbc3rAvhf/LbG7tJUDzhqXyFnv3dtzLOPgCG/hODL7WFnsbwktkD7yUV0RrreP/l1PALq/YSg6VvjlA==

lodash.clonedeep@^4.5.0:
  version "4.5.0"
  resolved "https://registry.npmmirror.com/lodash.clonedeep/-/lodash.clonedeep-4.5.0.tgz#e23f3f9c4f8fbdde872529c1071857a086e5ccef"
  integrity sha512-H5ZhCF25riFd9uB5UCkVKo61m3S/xZk1x4wA6yp/L3RFP6Z/eHH1ymQcGLo7J3GMPfm0V/7m1tryHuGVxpqEBQ==

lodash.debounce@^4.0.8:
  version "4.0.8"
  resolved "https://registry.npmmirror.com/lodash.debounce/-/lodash.debounce-4.0.8.tgz#82d79bff30a67c4005ffd5e2515300ad9ca4d7af"
  integrity sha512-FT1yDzDYEoYWhnSGnpE/4Kj1fLZkDFyqRb7fNt6FdYOSxlUWAtp42Eh6Wb0rGIv/m9Bgo7x4GhQbm5Ys4SG5ow==

lodash.foreach@^4.5.0:
  version "4.5.0"
  resolved "https://registry.npmmirror.com/lodash.foreach/-/lodash.foreach-4.5.0.tgz#1a6a35eace401280c7f06dddec35165ab27e3e53"
  integrity sha512-aEXTF4d+m05rVOAUG3z4vZZ4xVexLKZGF0lIxuHZ1Hplpk/3B6Z1+/ICICYRLm7c41Z2xiejbkCkJoTlypoXhQ==

lodash.isequal@^4.5.0:
  version "4.5.0"
  resolved "https://registry.npmmirror.com/lodash.isequal/-/lodash.isequal-4.5.0.tgz#415c4478f2bcc30120c22ce10ed3226f7d3e18e0"
  integrity sha512-pDo3lu8Jhfjqls6GkMgpahsF9kCyayhgykjyLMNFTKWrpVdAQtYyB4muAMWozBB4ig/dtWAmsMxLEI8wuz+DYQ==

lodash.throttle@^4.1.1:
  version "4.1.1"
  resolved "https://registry.npmmirror.com/lodash.throttle/-/lodash.throttle-4.1.1.tgz#c23e91b710242ac70c37f1e1cda9274cc39bf2f4"
  integrity sha512-wIkUCfVKpVsWo3JSZlc+8MB5it+2AN5W8J7YVMST30UrvcQNZ1Okbj+rbVniijTWE6FGYy4XJq/rHkas8qJMLQ==

lodash.toarray@^4.4.0:
  version "4.4.0"
  resolved "https://registry.npmmirror.com/lodash.toarray/-/lodash.toarray-4.4.0.tgz#24c4bfcd6b2fba38bfd0594db1179d8e9b656561"
  integrity sha512-QyffEA3i5dma5q2490+SgCvDN0pXLmRGSyAANuVi0HQ01Pkfr9fuoKQW8wm1wGBnJITs/mS7wQvS6VshUEBFCw==

lodash@^4.17.21:
  version "4.17.21"
  resolved "https://registry.npmmirror.com/lodash/-/lodash-4.17.21.tgz"
  integrity sha512-v2kDEe57lecTulaDIuNTPy3Ry4gLGJ6Z1O3vE1krgXZNrsQ+LFTGHVxVjcXPs17LhbZVGedAJv8XZ1tvj5FvSg==

magic-string@^0.25.7:
  version "0.25.9"
  resolved "https://registry.npmmirror.com/magic-string/-/magic-string-0.25.9.tgz"
  integrity sha512-RmF0AsMzgt25qzqqLc1+MbHmhdx0ojF2Fvs4XnOqz2ZOBXzzkEwc/dJQZCYHAn7v1jbVOjAZfK8msRn4BxO4VQ==
  dependencies:
    sourcemap-codec "^1.4.8"

mime-db@1.52.0:
  version "1.52.0"
  resolved "https://registry.npmmirror.com/mime-db/-/mime-db-1.52.0.tgz"
  integrity sha512-sPU4uV7dYlvtWJxwwxHD0PuihVNiE7TyAbQ5SWxDCB9mUYvOgroQOwYQQOKPJ8CIbE+1ETVlOoK1UC2nU3gYvg==

mime-match@^1.0.2:
  version "1.0.2"
  resolved "https://registry.npmmirror.com/mime-match/-/mime-match-1.0.2.tgz#3f87c31e9af1a5fd485fb9db134428b23bbb7ba8"
  integrity sha512-VXp/ugGDVh3eCLOBCiHZMYWQaTNUHv2IJrut+yXA6+JbLPXHglHwfS/5A5L0ll+jkCY7fIzRJcH6OIunF+c6Cg==
  dependencies:
    wildcard "^1.1.0"

mime-types@^2.1.12:
  version "2.1.35"
  resolved "https://registry.npmmirror.com/mime-types/-/mime-types-2.1.35.tgz"
  integrity sha512-ZDY+bPm5zTTF+YpCrAU9nK0UgICYPT0QtT1NZWFv4s++TNkcgVaT0g6+4R2uI4MjQjzysHB1zxuWL50hzaeXiw==
  dependencies:
    mime-db "1.52.0"

naive-ui@^2.31.0:
  version "2.31.0"
  resolved "https://registry.npmmirror.com/naive-ui/-/naive-ui-2.31.0.tgz"
  integrity sha512-70PHh1wDo6GP87MquQE4hHxMaISX6y/SWwmAzS86XfK+1gBCpQPcANHrmxsjPncRxk6Zq9CDeW6tzAqw6qUtfA==
  dependencies:
    "@css-render/plugin-bem" "^0.15.10"
    "@css-render/vue3-ssr" "^0.15.10"
    "@types/lodash" "^4.14.181"
    "@types/lodash-es" "^4.17.6"
    async-validator "^4.0.7"
    css-render "^0.15.10"
    date-fns "^2.28.0"
    date-fns-tz "^1.3.3"
    evtd "^0.2.3"
    highlight.js "^11.5.0"
    lodash "^4.17.21"
    lodash-es "^4.17.21"
    seemly "^0.3.4"
    treemate "^0.3.11"
    vdirs "^0.1.8"
    vooks "^0.2.12"
    vueuc "^0.4.47"

namespace-emitter@^2.0.1:
  version "2.0.1"
  resolved "https://registry.npmmirror.com/namespace-emitter/-/namespace-emitter-2.0.1.tgz#978d51361c61313b4e6b8cf6f3853d08dfa2b17c"
  integrity sha512-N/sMKHniSDJBjfrkbS/tpkPj4RAbvW3mr8UAzvlMHyun93XEm83IAvhWtJVHo+RHn/oO8Job5YN4b+wRjSVp5g==

nanoid@^3.1.25, nanoid@^3.2.0, nanoid@^3.3.4:
  version "3.3.4"
  resolved "https://registry.npmmirror.com/nanoid/-/nanoid-3.3.4.tgz"
  integrity sha512-MqBkQh/OHTS2egovRtLk45wEyNXwF+cokD+1YPf9u5VfJiRdAiRwB2froX5Co9Rh20xs4siNPm8naNotSD6RBw==

next-tick@^1.1.0:
  version "1.1.0"
  resolved "https://registry.npmmirror.com/next-tick/-/next-tick-1.1.0.tgz#1836ee30ad56d67ef281b22bd199f709449b35eb"
  integrity sha512-CXdUiJembsNjuToQvxayPZF9Vqht7hewsvy2sOWafLvi2awflj9mOC6bHIg50orX8IJvWKY9wYQ/zB2kogPslQ==

normalize-path@^3.0.0, normalize-path@~3.0.0:
  version "3.0.0"
  resolved "https://registry.npmmirror.com/normalize-path/-/normalize-path-3.0.0.tgz"
  integrity sha512-6eZs5Ls3WtCisHWp9S2GUy8dqkpGi4BVSz3GaqiE6ezub0512ESztXUwUB6C6IKbQkY2Pnb/mD4WYojCRwcwLA==

path-parse@^1.0.7:
  version "1.0.7"
  resolved "https://registry.npmmirror.com/path-parse/-/path-parse-1.0.7.tgz"
  integrity sha512-LDJzPVEEEPR+y48z93A0Ed0yXb8pAByGWo/k5YYdYgpY2/2EsOsksJrq7lOHxryrVOn1ejG6oAp8ahvOIQD8sw==

picocolors@^1.0.0:
  version "1.0.0"
  resolved "https://registry.npmmirror.com/picocolors/-/picocolors-1.0.0.tgz"
  integrity sha512-1fygroTLlHu66zi26VoTDv8yRgm0Fccecssto+MhsZ0D/DGW2sm8E8AjW7NU5VVTRt5GxbeZ5qBuJr+HyLYkjQ==

picomatch@^2.0.4, picomatch@^2.2.1:
  version "2.3.1"
  resolved "https://registry.npmmirror.com/picomatch/-/picomatch-2.3.1.tgz"
  integrity sha512-JU3teHTNjmE2VCGFzuY8EXzCDVwEqB2a8fsIvwaStHhAWJEeVd1o1QD80CU6+ZdEXXSLbSsuLwJjkCBWqRQUVA==

pinia@^2.0.17:
  version "2.0.17"
  resolved "https://registry.npmmirror.com/pinia/-/pinia-2.0.17.tgz"
  integrity sha512-AtwLwEWQgIjofjgeFT+nxbnK5lT2QwQjaHNEDqpsi2AiCwf/NY78uWTeHUyEhiiJy8+sBmw0ujgQMoQbWiZDfA==
  dependencies:
    "@vue/devtools-api" "^6.2.1"
    vue-demi "*"

postcss@^8.1.10, postcss@^8.4.14:
  version "8.4.14"
  resolved "https://registry.npmmirror.com/postcss/-/postcss-8.4.14.tgz"
  integrity sha512-E398TUmfAYFPBSdzgeieK2Y1+1cpdxJx8yXbK/m57nRhKSmk1GB2tO4lbLBtlkfPQTDKfe4Xqv1ASWPpayPEig==
  dependencies:
    nanoid "^3.3.4"
    picocolors "^1.0.0"
    source-map-js "^1.0.2"

preact@^10.5.13:
  version "10.11.0"
  resolved "https://registry.npmmirror.com/preact/-/preact-10.11.0.tgz#26af45a0613f4e17a197cc39d7a1ea23e09b2532"
  integrity sha512-Fk6+vB2kb6mSJfDgODq0YDhMfl0HNtK5+Uc9QqECO4nlyPAQwCI+BKyWO//idA7ikV7o+0Fm6LQmNuQi1wXI1w==

prismjs@^1.23.0:
  version "1.29.0"
  resolved "https://registry.npmmirror.com/prismjs/-/prismjs-1.29.0.tgz#f113555a8fa9b57c35e637bba27509dcf802dd12"
  integrity sha512-Kx/1w86q/epKcmte75LNrEoT+lX8pBpavuAbvJWRXar7Hz8jrtF+e3vY751p0R8H9HdArwaCTNDDzHg/ScJK1Q==

readdirp@~3.6.0:
  version "3.6.0"
  resolved "https://registry.npmmirror.com/readdirp/-/readdirp-3.6.0.tgz"
  integrity sha512-hOS089on8RduqdbhvQ5Z37A0ESjsqz6qnRcffsMU3495FuTdqSm+7bhJ29JvIOsBDEEnan5DPu9t3To9VRlMzA==
  dependencies:
    picomatch "^2.2.1"

regenerator-runtime@^0.13.4:
  version "0.13.9"
  resolved "https://registry.npmmirror.com/regenerator-runtime/-/regenerator-runtime-0.13.9.tgz"
  integrity sha512-p3VT+cOEgxFsRRA9X4lkI1E+k2/CtnKtU4gcxyaCUreilL/vqI6CdZ3wxVUx3UOUg+gnUOQQcRI7BmSI656MYA==

resolve@^1.22.1:
  version "1.22.1"
  resolved "https://registry.npmmirror.com/resolve/-/resolve-1.22.1.tgz"
  integrity sha512-nBpuuYuY5jFsli/JIs1oldw6fOQCBioohqWZg/2hiaOybXOft4lonv85uDOKXdf8rhyK159cxU5cDcK/NKk8zw==
  dependencies:
    is-core-module "^2.9.0"
    path-parse "^1.0.7"
    supports-preserve-symlinks-flag "^1.0.0"

rollup@^2.75.6:
  version "2.77.1"
  resolved "https://registry.npmmirror.com/rollup/-/rollup-2.77.1.tgz"
  integrity sha512-GhutNJrvTYD6s1moo+kyq7lD9DeR5HDyXo4bDFlDSkepC9kVKY+KK/NSZFzCmeXeia3kEzVuToQmHRdugyZHxw==
  optionalDependencies:
    fsevents "~2.3.2"

sass@^1.54.0:
  version "1.54.0"
  resolved "https://registry.npmmirror.com/sass/-/sass-1.54.0.tgz"
  integrity sha512-C4zp79GCXZfK0yoHZg+GxF818/aclhp9F48XBu/+bm9vXEVAYov9iU3FBVRMq3Hx3OA4jfKL+p2K9180mEh0xQ==
  dependencies:
    chokidar ">=3.0.0 <4.0.0"
    immutable "^4.0.0"
    source-map-js ">=0.6.2 <2.0.0"

scroll-into-view-if-needed@^2.2.28:
  version "2.2.29"
  resolved "https://registry.npmmirror.com/scroll-into-view-if-needed/-/scroll-into-view-if-needed-2.2.29.tgz#551791a84b7e2287706511f8c68161e4990ab885"
  integrity sha512-hxpAR6AN+Gh53AdAimHM6C8oTN1ppwVZITihix+WqalywBeFcQ6LdQP5ABNl26nX8GTEL7VT+b8lKpdqq65wXg==
  dependencies:
    compute-scroll-into-view "^1.0.17"

seemly@^0.3.1, seemly@^0.3.4:
  version "0.3.5"
  resolved "https://registry.npmmirror.com/seemly/-/seemly-0.3.5.tgz"
  integrity sha512-Z0QAytAEpkAeWbQZBQ+zb+9YYn86+AFBdWA4y7FwFtJ+ZcIO55QEVdT0sJ0DxuX8FWD4UTuwaftz/UX+MmHlhw==

slate-history@^0.66.0:
  version "0.66.0"
  resolved "https://registry.npmmirror.com/slate-history/-/slate-history-0.66.0.tgz#ac63fddb903098ceb4c944433e3f75fe63acf940"
  integrity sha512-6MWpxGQZiMvSINlCbMW43E2YBSVMCMCIwQfBzGssjWw4kb0qfvj0pIdblWNRQZD0hR6WHP+dHHgGSeVdMWzfng==
  dependencies:
    is-plain-object "^5.0.0"

slate@^0.72.0:
  version "0.72.8"
  resolved "https://registry.npmmirror.com/slate/-/slate-0.72.8.tgz#5a018edf24e45448655293a68bfbcf563aa5ba81"
  integrity sha512-/nJwTswQgnRurpK+bGJFH1oM7naD5qDmHd89JyiKNT2oOKD8marW0QSBtuFnwEbL5aGCS8AmrhXQgNOsn4osAw==
  dependencies:
    immer "^9.0.6"
    is-plain-object "^5.0.0"
    tiny-warning "^1.0.3"

snabbdom@^3.1.0:
  version "3.5.1"
  resolved "https://registry.npmmirror.com/snabbdom/-/snabbdom-3.5.1.tgz#25f80ef15b194baea703d9d5441892e369de18e1"
  integrity sha512-wHMNIOjkm/YNE5EM3RCbr/+DVgPg6AqQAX1eOxO46zYNvCXjKP5Y865tqQj3EXnaMBjkxmQA5jFuDpDK/dbfiA==

"source-map-js@>=0.6.2 <2.0.0", source-map-js@^1.0.2:
  version "1.0.2"
  resolved "https://registry.npmmirror.com/source-map-js/-/source-map-js-1.0.2.tgz"
  integrity sha512-R0XvVJ9WusLiqTCEiGCmICCMplcCkIwwR11mOSD9CR5u+IXYdiseeEuXCVAjS54zqwkLcPNnmU4OeJ6tUrWhDw==

source-map@^0.6.1:
  version "0.6.1"
  resolved "https://registry.npmmirror.com/source-map/-/source-map-0.6.1.tgz"
  integrity sha512-UjgapumWlbMhkBgzT7Ykc5YXUT46F0iKu8SGXq0bcwP5dz/h0Plj6enJqjz1Zbq2l5WaqYnrVbwWOWMyF3F47g==

sourcemap-codec@^1.4.8:
  version "1.4.8"
  resolved "https://registry.npmmirror.com/sourcemap-codec/-/sourcemap-codec-1.4.8.tgz"
  integrity sha512-9NykojV5Uih4lgo5So5dtw+f0JgJX30KCNI8gwhz2J9A15wD0Ml6tjHKwf6fTSa6fAdVBdZeNOs9eJ71qCk8vA==

ssr-window@^3.0.0-alpha.1:
  version "3.0.0"
  resolved "https://registry.npmmirror.com/ssr-window/-/ssr-window-3.0.0.tgz#fd5b82801638943e0cc704c4691801435af7ac37"
  integrity sha512-q+8UfWDg9Itrg0yWK7oe5p/XRCJpJF9OBtXfOPgSJl+u3Xd5KI328RUEvUqSMVM9CiQUEf1QdBzJMkYGErj9QA==

supports-preserve-symlinks-flag@^1.0.0:
  version "1.0.0"
  resolved "https://registry.npmmirror.com/supports-preserve-symlinks-flag/-/supports-preserve-symlinks-flag-1.0.0.tgz"
  integrity sha512-ot0WnXS9fgdkgIcePe6RHNk1WA8+muPa6cSjeR3V8K27q9BB1rTE3R1p7Hv0z1ZyAc8s6Vvv8DIyWf681MAt0w==

tiny-warning@^1.0.3:
  version "1.0.3"
  resolved "https://registry.npmmirror.com/tiny-warning/-/tiny-warning-1.0.3.tgz#94a30db453df4c643d0fd566060d60a875d84754"
  integrity sha512-lBN9zLN/oAf68o3zNXYrdCt1kP8WsiGW8Oo2ka41b2IM5JL/S1CTyX1rW0mb/zSuJun0ZUrDxx4sqvYS2FWzPA==

to-regex-range@^5.0.1:
  version "5.0.1"
  resolved "https://registry.npmmirror.com/to-regex-range/-/to-regex-range-5.0.1.tgz"
  integrity sha512-65P7iz6X5yEr1cwcgvQxbbIw7Uk3gOy5dIdtZ4rDveLqhrdJP+Li/Hx6tyK0NEb+2GCyneCMJiGqrADCSNk8sQ==
  dependencies:
    is-number "^7.0.0"

treemate@^0.3.11:
  version "0.3.11"
  resolved "https://registry.npmmirror.com/treemate/-/treemate-0.3.11.tgz"
  integrity sha512-M8RGFoKtZ8dF+iwJfAJTOH/SM4KluKOKRJpjCMhI8bG3qB74zrFoArKZ62ll0Fr3mqkMJiQOmWYkdYgDeITYQg==

tslib@^2.1.0:
  version "2.4.0"
  resolved "https://registry.npmmirror.com/tslib/-/tslib-2.4.0.tgz"
  integrity sha512-d6xOpEDfsi2CZVlPQzGeux8XMwLT9hssAsaPYExaQMuYskwb+x1x7J371tWlbBdWHroy99KnVB6qIkUbs5X3UQ==

type@^1.0.1:
  version "1.2.0"
  resolved "https://registry.npmmirror.com/type/-/type-1.2.0.tgz#848dd7698dafa3e54a6c479e759c4bc3f18847a0"
  integrity sha512-+5nt5AAniqsCnu2cEQQdpzCAh33kVx8n0VoFidKpB1dVVLAN/F+bgVOqOJqOnEnrhp222clB5p3vUlD+1QAnfg==

type@^2.7.2:
  version "2.7.2"
  resolved "https://registry.npmmirror.com/type/-/type-2.7.2.tgz#2376a15a3a28b1efa0f5350dcf72d24df6ef98d0"
  integrity sha512-dzlvlNlt6AXU7EBSfpAscydQ7gXB+pPGsPnfJnZpiNJBDj7IaJzQlBZYGdEi4R9HmPdBv2XmWJ6YUtoTa7lmCw==

vdirs@^0.1.4, vdirs@^0.1.8:
  version "0.1.8"
  resolved "https://registry.npmmirror.com/vdirs/-/vdirs-0.1.8.tgz"
  integrity sha512-H9V1zGRLQZg9b+GdMk8MXDN2Lva0zx72MPahDKc30v+DtwKjfyOSXWRIX4t2mhDubM1H09gPhWeth/BJWPHGUw==
  dependencies:
    evtd "^0.2.2"

vfonts@^0.0.3:
  version "0.0.3"
  resolved "https://registry.npmmirror.com/vfonts/-/vfonts-0.0.3.tgz"
  integrity sha512-nguyw8L6Un8eelg1vQ31vIU2ESxqid7EYmy8V+MDeMaHBqaRSkg3dTBToC1PR00D89UzS/SLkfYPnx0Wf23IQQ==

vite@^3.0.0:
  version "3.0.3"
  resolved "https://registry.npmmirror.com/vite/-/vite-3.0.3.tgz"
  integrity sha512-sDIpIcl3mv1NUaSzZwiXGEy1ZoWwwC2vkxUHY6yiDacR6zf//ZFuBJrozO62gedpE43pmxnLATNR5IYUdAEkMQ==
  dependencies:
    esbuild "^0.14.47"
    postcss "^8.4.14"
    resolve "^1.22.1"
    rollup "^2.75.6"
  optionalDependencies:
    fsevents "~2.3.2"

vooks@^0.2.12, vooks@^0.2.4:
  version "0.2.12"
  resolved "https://registry.npmmirror.com/vooks/-/vooks-0.2.12.tgz"
  integrity sha512-iox0I3RZzxtKlcgYaStQYKEzWWGAduMmq+jS7OrNdQo1FgGfPMubGL3uGHOU9n97NIvfFDBGnpSvkWyb/NSn/Q==
  dependencies:
    evtd "^0.2.2"

vue-demi@*:
  version "0.13.5"
  resolved "https://registry.npmmirror.com/vue-demi/-/vue-demi-0.13.5.tgz"
  integrity sha512-tO3K2bML3AwiHmVHeKCq6HLef2st4zBXIV5aEkoJl6HZ+gJWxWv2O8wLH8qrA3SX3lDoTDHNghLX1xZg83MXvw==

vue-router@^4.1.2:
  version "4.1.2"
  resolved "https://registry.npmmirror.com/vue-router/-/vue-router-4.1.2.tgz"
  integrity sha512-5BP1qXFncVRwgV/XnqzsKApdMjQPqWIpoUBdL1ynz8HyLxIX/UDAx7Ql2BjmA5CXT/p61JfZvkpiFWFpaqcfag==
  dependencies:
    "@vue/devtools-api" "^6.1.4"

vue@^3.2.37:
  version "3.2.37"
  resolved "https://registry.npmmirror.com/vue/-/vue-3.2.37.tgz"
  integrity sha512-bOKEZxrm8Eh+fveCqS1/NkG/n6aMidsI6hahas7pa0w/l7jkbssJVsRhVDs07IdDq7h9KHswZOgItnwJAgtVtQ==
  dependencies:
    "@vue/compiler-dom" "3.2.37"
    "@vue/compiler-sfc" "3.2.37"
    "@vue/runtime-dom" "3.2.37"
    "@vue/server-renderer" "3.2.37"
    "@vue/shared" "3.2.37"

vueuc@^0.4.47:
  version "0.4.47"
  resolved "https://registry.npmmirror.com/vueuc/-/vueuc-0.4.47.tgz"
  integrity sha512-lBxGeTWLFp0O36SlcAeBrh29dxE/GboOH/0eUJhocUuE9DRrzUcVmwGau7v7ZWsxjivjJC3Qup7l9sCyA3it+g==
  dependencies:
    "@css-render/vue3-ssr" "^0.15.10"
    "@juggle/resize-observer" "^3.3.1"
    css-render "^0.15.10"
    evtd "^0.2.2"
    seemly "^0.3.1"
    vdirs "^0.1.4"
    vooks "^0.2.4"

wangeditor@^4.7.15:
  version "4.7.15"
  resolved "https://registry.npmmirror.com/wangeditor/-/wangeditor-4.7.15.tgz"
  integrity sha512-aPTdREd8BxXVyJ5MI+LU83FQ7u1EPd341iXIorRNYSOvoimNoZ4nPg+yn3FGbB93/owEa6buLw8wdhYnMCJQLg==
  dependencies:
    "@babel/runtime" "^7.11.2"
    "@babel/runtime-corejs3" "^7.11.2"
    tslib "^2.1.0"

wildcard@^1.1.0:
  version "1.1.2"
  resolved "https://registry.npmmirror.com/wildcard/-/wildcard-1.1.2.tgz#a7020453084d8cd2efe70ba9d3696263de1710a5"
  integrity sha512-DXukZJxpHA8LuotRwL0pP1+rS6CS7FF2qStDDE1C7DDg2rLud2PXRMuEDYIPhgEezwnlHNL4c+N6MfMTjCGTng==
